
Microsoft Visual Studio Solution File, Format Version 12.00
# Visual Studio Version 17
VisualStudioVersion = 17.4.33205.214
MinimumVisualStudioVersion = 10.0.40219.1
Project("{FAE04EC0-301F-11D3-BF4B-00C04F79EFBC}") = "Uss", "Uss\Uss.csproj", "{A870D43F-3F49-46F2-8295-983E28579A3E}"
EndProject
Global
	GlobalSection(SolutionConfigurationPlatforms) = preSolution
		Debug|Any CPU = Debug|Any CPU
		Release|Any CPU = Release|Any CPU
	EndGlobalSection
	GlobalSection(ProjectConfigurationPlatforms) = postSolution
		{A870D43F-3F49-46F2-8295-983E28579A3E}.Debug|Any CPU.ActiveCfg = Debug|Any CPU
		{A870D43F-3F49-46F2-8295-983E28579A3E}.Debug|Any CPU.Build.0 = Debug|Any CPU
		{A870D43F-3F49-46F2-8295-983E28579A3E}.Release|Any CPU.ActiveCfg = Release|Any CPU
		{A870D43F-3F49-46F2-8295-983E28579A3E}.Release|Any CPU.Build.0 = Release|Any CPU
	EndGlobalSection
	GlobalSection(SolutionProperties) = preSolution
		HideSolutionNode = FALSE
	EndGlobalSection
	GlobalSection(ExtensibilityGlobals) = postSolution
		SolutionGuid = {AB32A47D-8CDF-4738-90EB-C65A16894F57}
	EndGlobalSection
EndGlobal
